# THIS IS AN AUTOGENERATED FILE. DO NOT EDIT THIS FILE DIRECTLY.
# yarn lockfile v1


"@twilson63/mysql-down@^1.0.16":
  version "1.0.16"
  resolved "https://registry.yarnpkg.com/@twilson63/mysql-down/-/mysql-down-1.0.16.tgz#d08e9dda70055d306e63886c857ace2d17e20538"
  dependencies:
    abstract-leveldown "^3.0.0"
    mysql "^2.15.0"
    ramda "^0.25.0"

abstract-leveldown@^3.0.0, abstract-leveldown@~3.0.0:
  version "3.0.0"
  resolved "https://registry.yarnpkg.com/abstract-leveldown/-/abstract-leveldown-3.0.0.tgz#5cb89f958a44f526779d740d1440e743e0c30a57"
  dependencies:
    xtend "~4.0.0"

argsarray@0.0.1:
  version "0.0.1"
  resolved "https://registry.yarnpkg.com/argsarray/-/argsarray-0.0.1.tgz#6e7207b4ecdb39b0af88303fa5ae22bda8df61cb"

attempt-x@^1.1.0, attempt-x@^1.1.1:
  version "1.1.1"
  resolved "https://registry.yarnpkg.com/attempt-x/-/attempt-x-1.1.1.tgz#fba64e96ce03c3e0bd92c92622061c4df387cb76"

balanced-match@^1.0.0:
  version "1.0.0"
  resolved "https://registry.yarnpkg.com/balanced-match/-/balanced-match-1.0.0.tgz#89b4d199ab2bee49de164ea02b89ce462d71b767"

bignumber.js@4.0.4:
  version "4.0.4"
  resolved "https://registry.yarnpkg.com/bignumber.js/-/bignumber.js-4.0.4.tgz#7c40f5abcd2d6623ab7b99682ee7db81b11889a4"

brace-expansion@^1.1.7:
  version "1.1.8"
  resolved "https://registry.yarnpkg.com/brace-expansion/-/brace-expansion-1.1.8.tgz#c07b211c7c952ec1f8efd51a77ef0d1d3990a292"
  dependencies:
    balanced-match "^1.0.0"
    concat-map "0.0.1"

buffer-from@0.1.1:
  version "0.1.1"
  resolved "https://registry.yarnpkg.com/buffer-from/-/buffer-from-0.1.1.tgz#57b18b1da0a19ec06f33837a5275a242351bd75e"
  dependencies:
    is-array-buffer-x "^1.0.13"

cached-constructors-x@^1.0.0:
  version "1.0.0"
  resolved "https://registry.yarnpkg.com/cached-constructors-x/-/cached-constructors-x-1.0.0.tgz#c421e3892a4b6f7794434bdcffd1299b330c181b"

clone-buffer@1.0.0:
  version "1.0.0"
  resolved "https://registry.yarnpkg.com/clone-buffer/-/clone-buffer-1.0.0.tgz#e3e25b207ac4e701af721e2cb5a16792cac3dc58"

concat-map@0.0.1:
  version "0.0.1"
  resolved "https://registry.yarnpkg.com/concat-map/-/concat-map-0.0.1.tgz#d8a96bd77fd68df7793a73036a3ba0d5405d477b"

core-util-is@~1.0.0:
  version "1.0.2"
  resolved "https://registry.yarnpkg.com/core-util-is/-/core-util-is-1.0.2.tgz#b5fd54220aa2bc5ab57aab7140c940754503c1a7"

debug@3.0.1:
  version "3.0.1"
  resolved "https://registry.yarnpkg.com/debug/-/debug-3.0.1.tgz#0564c612b521dc92d9f2988f0549e34f9c98db64"
  dependencies:
    ms "2.0.0"

deep-equal@~0.1.0:
  version "0.1.2"
  resolved "https://registry.yarnpkg.com/deep-equal/-/deep-equal-0.1.2.tgz#b246c2b80a570a47c11be1d9bd1070ec878b87ce"

deep-equal@~1.0.1:
  version "1.0.1"
  resolved "https://registry.yarnpkg.com/deep-equal/-/deep-equal-1.0.1.tgz#f5d260292b660e084eff4cdbc9f08ad3247448b5"

deferred-leveldown@~2.0.2:
  version "2.0.3"
  resolved "https://registry.yarnpkg.com/deferred-leveldown/-/deferred-leveldown-2.0.3.tgz#91fbc7699ac85f3920df035792d96d97cbf50c0f"
  dependencies:
    abstract-leveldown "~3.0.0"

define-properties@^1.1.2:
  version "1.1.2"
  resolved "https://registry.yarnpkg.com/define-properties/-/define-properties-1.1.2.tgz#83a73f2fea569898fb737193c8f873caf6d45c94"
  dependencies:
    foreach "^2.0.5"
    object-keys "^1.0.8"

defined@0.0.0, defined@~0.0.0:
  version "0.0.0"
  resolved "https://registry.yarnpkg.com/defined/-/defined-0.0.0.tgz#f35eea7d705e933baf13b2f03b3f83d921403b3e"

defined@~1.0.0:
  version "1.0.0"
  resolved "https://registry.yarnpkg.com/defined/-/defined-1.0.0.tgz#c98d9bcef75674188e110969151199e39b1fa693"

double-ended-queue@2.1.0-0:
  version "2.1.0-0"
  resolved "https://registry.yarnpkg.com/double-ended-queue/-/double-ended-queue-2.1.0-0.tgz#103d3527fd31528f40188130c841efdd78264e5c"

duplexer@~0.1.1:
  version "0.1.1"
  resolved "https://registry.yarnpkg.com/duplexer/-/duplexer-0.1.1.tgz#ace6ff808c1ce66b57d1ebf97977acb02334cfc1"

errno@~0.1.1:
  version "0.1.6"
  resolved "https://registry.yarnpkg.com/errno/-/errno-0.1.6.tgz#c386ce8a6283f14fc09563b71560908c9bf53026"
  dependencies:
    prr "~1.0.1"

es-abstract@^1.5.0:
  version "1.10.0"
  resolved "https://registry.yarnpkg.com/es-abstract/-/es-abstract-1.10.0.tgz#1ecb36c197842a00d8ee4c2dfd8646bb97d60864"
  dependencies:
    es-to-primitive "^1.1.1"
    function-bind "^1.1.1"
    has "^1.0.1"
    is-callable "^1.1.3"
    is-regex "^1.0.4"

es-to-primitive@^1.1.1:
  version "1.1.1"
  resolved "https://registry.yarnpkg.com/es-to-primitive/-/es-to-primitive-1.1.1.tgz#45355248a88979034b6792e19bb81f2b7975dd0d"
  dependencies:
    is-callable "^1.1.1"
    is-date-object "^1.0.1"
    is-symbol "^1.0.1"

faucet@^0.0.1:
  version "0.0.1"
  resolved "https://registry.yarnpkg.com/faucet/-/faucet-0.0.1.tgz#597dcf1d2189a2c062321b591e8f151ed2039d9c"
  dependencies:
    defined "0.0.0"
    duplexer "~0.1.1"
    minimist "0.0.5"
    sprintf "~0.1.3"
    tap-parser "~0.4.0"
    tape "~2.3.2"
    through2 "~0.2.3"

for-each@~0.3.2:
  version "0.3.2"
  resolved "https://registry.yarnpkg.com/for-each/-/for-each-0.3.2.tgz#2c40450b9348e97f281322593ba96704b9abd4d4"
  dependencies:
    is-function "~1.0.0"

foreach@^2.0.5:
  version "2.0.5"
  resolved "https://registry.yarnpkg.com/foreach/-/foreach-2.0.5.tgz#0bee005018aeb260d0a3af3ae658dd0136ec1b99"

fs.realpath@^1.0.0:
  version "1.0.0"
  resolved "https://registry.yarnpkg.com/fs.realpath/-/fs.realpath-1.0.0.tgz#1504ad2523158caa40db4a2787cb01411994ea4f"

function-bind@^1.0.2, function-bind@^1.1.1, function-bind@~1.1.0:
  version "1.1.1"
  resolved "https://registry.yarnpkg.com/function-bind/-/function-bind-1.1.1.tgz#a56899d3ea3c9bab874bb9773b7c5ede92f4895d"

glob@~7.1.2:
  version "7.1.2"
  resolved "https://registry.yarnpkg.com/glob/-/glob-7.1.2.tgz#c19c9df9a028702d678612384a6552404c636d15"
  dependencies:
    fs.realpath "^1.0.0"
    inflight "^1.0.4"
    inherits "2"
    minimatch "^3.0.4"
    once "^1.3.0"
    path-is-absolute "^1.0.0"

has-own-property-x@^3.1.1:
  version "3.2.0"
  resolved "https://registry.yarnpkg.com/has-own-property-x/-/has-own-property-x-3.2.0.tgz#1c4b112a577c8cb5805469556e54b6e959e4ded9"
  dependencies:
    cached-constructors-x "^1.0.0"
    to-object-x "^1.5.0"
    to-property-key-x "^2.0.2"

has-symbol-support-x@^1.4.1:
  version "1.4.1"
  resolved "https://registry.yarnpkg.com/has-symbol-support-x/-/has-symbol-support-x-1.4.1.tgz#66ec2e377e0c7d7ccedb07a3a84d77510ff1bc4c"

has-to-string-tag-x@^1.4.1:
  version "1.4.1"
  resolved "https://registry.yarnpkg.com/has-to-string-tag-x/-/has-to-string-tag-x-1.4.1.tgz#a045ab383d7b4b2012a00148ab0aa5f290044d4d"
  dependencies:
    has-symbol-support-x "^1.4.1"

has@^1.0.1, has@~1.0.1:
  version "1.0.1"
  resolved "https://registry.yarnpkg.com/has/-/has-1.0.1.tgz#8461733f538b0837c9361e39a9ab9e9704dc2f28"
  dependencies:
    function-bind "^1.0.2"

immediate@3.0.6, immediate@~3.0.5:
  version "3.0.6"
  resolved "https://registry.yarnpkg.com/immediate/-/immediate-3.0.6.tgz#9db1dbd0faf8de6fbe0f5dd5e56bb606280de69b"

infinity-x@^1.0.0:
  version "1.0.0"
  resolved "https://registry.yarnpkg.com/infinity-x/-/infinity-x-1.0.0.tgz#cea2d75181d820961b0f72d78e7c4e06fdd55a07"

inflight@^1.0.4:
  version "1.0.6"
  resolved "https://registry.yarnpkg.com/inflight/-/inflight-1.0.6.tgz#49bd6331d7d02d0c09bc910a1075ba8165b56df9"
  dependencies:
    once "^1.3.0"
    wrappy "1"

inherits@2, inherits@2.0.3, inherits@^2.0.1, inherits@~2.0.1, inherits@~2.0.3:
  version "2.0.3"
  resolved "https://registry.yarnpkg.com/inherits/-/inherits-2.0.3.tgz#633c2c83e3da42a502f52466022480f4208261de"

is-array-buffer-x@^1.0.13:
  version "1.7.0"
  resolved "https://registry.yarnpkg.com/is-array-buffer-x/-/is-array-buffer-x-1.7.0.tgz#4b0b10427b64aa3437767adf4fc07702c59b2371"
  dependencies:
    attempt-x "^1.1.0"
    has-to-string-tag-x "^1.4.1"
    is-object-like-x "^1.5.1"
    object-get-own-property-descriptor-x "^3.2.0"
    to-string-tag-x "^1.4.1"

is-callable@^1.1.1, is-callable@^1.1.3:
  version "1.1.3"
  resolved "https://registry.yarnpkg.com/is-callable/-/is-callable-1.1.3.tgz#86eb75392805ddc33af71c92a0eedf74ee7604b2"

is-date-object@^1.0.1:
  version "1.0.1"
  resolved "https://registry.yarnpkg.com/is-date-object/-/is-date-object-1.0.1.tgz#9aa20eb6aeebbff77fbd33e74ca01b33581d3a16"

is-falsey-x@^1.0.0, is-falsey-x@^1.0.1:
  version "1.0.1"
  resolved "https://registry.yarnpkg.com/is-falsey-x/-/is-falsey-x-1.0.1.tgz#c469951adc95b8b3fdbf90929b335a7de937d17f"
  dependencies:
    to-boolean-x "^1.0.1"

is-finite-x@^3.0.2:
  version "3.0.2"
  resolved "https://registry.yarnpkg.com/is-finite-x/-/is-finite-x-3.0.2.tgz#a6ec683cfb2bc1a918a1ff59d178edbcea54f7a6"
  dependencies:
    infinity-x "^1.0.0"
    is-nan-x "^1.0.1"

is-function-x@^3.2.0, is-function-x@^3.3.0:
  version "3.3.0"
  resolved "https://registry.yarnpkg.com/is-function-x/-/is-function-x-3.3.0.tgz#7d16bc113853db206d5e40a8b32caf99bd4ff7c0"
  dependencies:
    attempt-x "^1.1.1"
    has-to-string-tag-x "^1.4.1"
    is-falsey-x "^1.0.1"
    is-primitive "^2.0.0"
    normalize-space-x "^3.0.0"
    replace-comments-x "^2.0.0"
    to-boolean-x "^1.0.1"
    to-string-tag-x "^1.4.2"

is-function@~1.0.0:
  version "1.0.1"
  resolved "https://registry.yarnpkg.com/is-function/-/is-function-1.0.1.tgz#12cfb98b65b57dd3d193a3121f5f6e2f437602b5"

is-index-x@^1.0.0:
  version "1.1.0"
  resolved "https://registry.yarnpkg.com/is-index-x/-/is-index-x-1.1.0.tgz#43dac97b3a04f30191530833f45ac35001682ee2"
  dependencies:
    math-clamp-x "^1.2.0"
    max-safe-integer "^1.0.1"
    to-integer-x "^3.0.0"
    to-number-x "^2.0.0"
    to-string-symbols-supported-x "^1.0.0"

is-nan-x@^1.0.1:
  version "1.0.1"
  resolved "https://registry.yarnpkg.com/is-nan-x/-/is-nan-x-1.0.1.tgz#de747ebcc8bddeb66f367c17caca7eba843855c0"

is-nil-x@^1.4.1:
  version "1.4.1"
  resolved "https://registry.yarnpkg.com/is-nil-x/-/is-nil-x-1.4.1.tgz#bd9e7b08b4cd732f9dcbde13d93291bb2ec2e248"
  dependencies:
    lodash.isnull "^3.0.0"
    validate.io-undefined "^1.0.3"

is-object-like-x@^1.5.1:
  version "1.6.0"
  resolved "https://registry.yarnpkg.com/is-object-like-x/-/is-object-like-x-1.6.0.tgz#a8c4a95bd6b95db174e0e4730171a160ec73be82"
  dependencies:
    is-function-x "^3.3.0"
    is-primitive "^2.0.0"

is-primitive@^2.0.0:
  version "2.0.0"
  resolved "https://registry.yarnpkg.com/is-primitive/-/is-primitive-2.0.0.tgz#207bab91638499c07b2adf240a41a87210034575"

is-regex@^1.0.4:
  version "1.0.4"
  resolved "https://registry.yarnpkg.com/is-regex/-/is-regex-1.0.4.tgz#5517489b547091b0930e095654ced25ee97e9491"
  dependencies:
    has "^1.0.1"

is-string@^1.0.4:
  version "1.0.4"
  resolved "https://registry.yarnpkg.com/is-string/-/is-string-1.0.4.tgz#cc3a9b69857d621e963725a24caeec873b826e64"

is-symbol@^1.0.1:
  version "1.0.1"
  resolved "https://registry.yarnpkg.com/is-symbol/-/is-symbol-1.0.1.tgz#3cc59f00025194b6ab2e38dbae6689256b660572"

isarray@0.0.1:
  version "0.0.1"
  resolved "https://registry.yarnpkg.com/isarray/-/isarray-0.0.1.tgz#8a18acfca9a8f4177e09abfc6038939b05d1eedf"

isarray@~1.0.0:
  version "1.0.0"
  resolved "https://registry.yarnpkg.com/isarray/-/isarray-1.0.0.tgz#bb935d48582cba168c06834957a54a3e07124f11"

jsonify@~0.0.0:
  version "0.0.0"
  resolved "https://registry.yarnpkg.com/jsonify/-/jsonify-0.0.0.tgz#2c74b6ee41d93ca51b7b5aaee8f503631d252a73"

level-codec@7.0.1:
  version "7.0.1"
  resolved "https://registry.yarnpkg.com/level-codec/-/level-codec-7.0.1.tgz#341f22f907ce0f16763f24bddd681e395a0fb8a7"

level-errors@~1.1.0:
  version "1.1.2"
  resolved "https://registry.yarnpkg.com/level-errors/-/level-errors-1.1.2.tgz#4399c2f3d3ab87d0625f7e3676e2d807deff404d"
  dependencies:
    errno "~0.1.1"

level-iterator-stream@~2.0.0:
  version "2.0.0"
  resolved "https://registry.yarnpkg.com/level-iterator-stream/-/level-iterator-stream-2.0.0.tgz#e0fe4273a0322177c81bb87684016bb5b90a98b4"
  dependencies:
    inherits "^2.0.1"
    readable-stream "^2.0.5"
    xtend "^4.0.0"

levelup@2.0.1:
  version "2.0.1"
  resolved "https://registry.yarnpkg.com/levelup/-/levelup-2.0.1.tgz#3dc91b3e632d37c9e546239c864118b004c9f860"
  dependencies:
    deferred-leveldown "~2.0.2"
    level-errors "~1.1.0"
    level-iterator-stream "~2.0.0"
    xtend "~4.0.0"

lie@3.1.1:
  version "3.1.1"
  resolved "https://registry.yarnpkg.com/lie/-/lie-3.1.1.tgz#9a436b2cc7746ca59de7a41fa469b3efb76bd87e"
  dependencies:
    immediate "~3.0.5"

lodash.isnull@^3.0.0:
  version "3.0.0"
  resolved "https://registry.yarnpkg.com/lodash.isnull/-/lodash.isnull-3.0.0.tgz#fafbe59ea1dca27eed786534039dd84c2e07c56e"

ltgt@2.2.0:
  version "2.2.0"
  resolved "https://registry.yarnpkg.com/ltgt/-/ltgt-2.2.0.tgz#b65ba5fcb349a29924c8e333f7c6a5562f2e4842"

math-clamp-x@^1.2.0:
  version "1.2.0"
  resolved "https://registry.yarnpkg.com/math-clamp-x/-/math-clamp-x-1.2.0.tgz#8b537be0645bbba7ee73ee16091e7d6018c5edcf"
  dependencies:
    to-number-x "^2.0.0"

math-sign-x@^3.0.0:
  version "3.0.0"
  resolved "https://registry.yarnpkg.com/math-sign-x/-/math-sign-x-3.0.0.tgz#d5286022b48e150c384729a86042e0835264c3ed"
  dependencies:
    is-nan-x "^1.0.1"
    to-number-x "^2.0.0"

max-safe-integer@^1.0.1:
  version "1.0.1"
  resolved "https://registry.yarnpkg.com/max-safe-integer/-/max-safe-integer-1.0.1.tgz#f38060be2c563d8c02e6d48af39122fd83b6f410"

minimatch@^3.0.4:
  version "3.0.4"
  resolved "https://registry.yarnpkg.com/minimatch/-/minimatch-3.0.4.tgz#5166e286457f03306064be5497e8dbb0c3d32083"
  dependencies:
    brace-expansion "^1.1.7"

minimist@0.0.5:
  version "0.0.5"
  resolved "https://registry.yarnpkg.com/minimist/-/minimist-0.0.5.tgz#d7aa327bcecf518f9106ac6b8f003fa3bcea8566"

minimist@~1.2.0:
  version "1.2.0"
  resolved "https://registry.yarnpkg.com/minimist/-/minimist-1.2.0.tgz#a35008b20f41383eec1fb914f4cd5df79a264284"

ms@2.0.0:
  version "2.0.0"
  resolved "https://registry.yarnpkg.com/ms/-/ms-2.0.0.tgz#5608aeadfc00be6c2901df5f9861788de0d597c8"

mysql@^2.15.0:
  version "2.15.0"
  resolved "https://registry.yarnpkg.com/mysql/-/mysql-2.15.0.tgz#ea16841156343e8f2e47fc8985ec41cdd9573b5c"
  dependencies:
    bignumber.js "4.0.4"
    readable-stream "2.3.3"
    safe-buffer "5.1.1"
    sqlstring "2.3.0"

nan-x@^1.0.0:
  version "1.0.0"
  resolved "https://registry.yarnpkg.com/nan-x/-/nan-x-1.0.0.tgz#0ee78e8d1cd0592d5b4260a5940154545c61c121"

normalize-space-x@^3.0.0:
  version "3.0.0"
  resolved "https://registry.yarnpkg.com/normalize-space-x/-/normalize-space-x-3.0.0.tgz#17907d6c7c724a4f9567471cbb319553bc0f8882"
  dependencies:
    cached-constructors-x "^1.0.0"
    trim-x "^3.0.0"
    white-space-x "^3.0.0"

object-get-own-property-descriptor-x@^3.2.0:
  version "3.2.0"
  resolved "https://registry.yarnpkg.com/object-get-own-property-descriptor-x/-/object-get-own-property-descriptor-x-3.2.0.tgz#464585ad03e66108ed166c99325b8d2c5ba93712"
  dependencies:
    attempt-x "^1.1.0"
    has-own-property-x "^3.1.1"
    has-symbol-support-x "^1.4.1"
    is-falsey-x "^1.0.0"
    is-index-x "^1.0.0"
    is-primitive "^2.0.0"
    is-string "^1.0.4"
    property-is-enumerable-x "^1.1.0"
    to-object-x "^1.4.1"
    to-property-key-x "^2.0.1"

object-inspect@~1.3.0:
  version "1.3.0"
  resolved "https://registry.yarnpkg.com/object-inspect/-/object-inspect-1.3.0.tgz#5b1eb8e6742e2ee83342a637034d844928ba2f6d"

object-keys@^1.0.8:
  version "1.0.11"
  resolved "https://registry.yarnpkg.com/object-keys/-/object-keys-1.0.11.tgz#c54601778ad560f1142ce0e01bcca8b56d13426d"

object-keys@~0.4.0:
  version "0.4.0"
  resolved "https://registry.yarnpkg.com/object-keys/-/object-keys-0.4.0.tgz#28a6aae7428dd2c3a92f3d95f21335dd204e0336"

once@^1.3.0:
  version "1.4.0"
  resolved "https://registry.yarnpkg.com/once/-/once-1.4.0.tgz#583b1aa775961d4b113ac17d9c50baef9dd76bd1"
  dependencies:
    wrappy "1"

parse-int-x@^2.0.0:
  version "2.0.0"
  resolved "https://registry.yarnpkg.com/parse-int-x/-/parse-int-x-2.0.0.tgz#9f979d4115930df2f4706a41810b9c712405552f"
  dependencies:
    cached-constructors-x "^1.0.0"
    nan-x "^1.0.0"
    to-string-x "^1.4.2"
    trim-left-x "^3.0.0"

path-is-absolute@^1.0.0:
  version "1.0.1"
  resolved "https://registry.yarnpkg.com/path-is-absolute/-/path-is-absolute-1.0.1.tgz#174b9268735534ffbc7ace6bf53a5a9e1b5c5f5f"

path-parse@^1.0.5:
  version "1.0.5"
  resolved "https://registry.yarnpkg.com/path-parse/-/path-parse-1.0.5.tgz#3c1adf871ea9cd6c9431b6ea2bd74a0ff055c4c1"

pouchdb-abstract-mapreduce@6.4.1:
  version "6.4.1"
  resolved "https://registry.yarnpkg.com/pouchdb-abstract-mapreduce/-/pouchdb-abstract-mapreduce-6.4.1.tgz#b8ba3f9ff661ddb2b3e1cc1bd47c98142be1a4fe"
  dependencies:
    pouchdb-binary-utils "6.4.1"
    pouchdb-collate "6.4.1"
    pouchdb-collections "6.4.1"
    pouchdb-mapreduce-utils "6.4.1"
    pouchdb-md5 "6.4.1"
    pouchdb-promise "6.4.1"
    pouchdb-utils "6.4.1"

pouchdb-adapter-leveldb-core@^6.4.1:
  version "6.4.1"
  resolved "https://registry.yarnpkg.com/pouchdb-adapter-leveldb-core/-/pouchdb-adapter-leveldb-core-6.4.1.tgz#ccb825a01337c31a815433ba7d9f3c445ef86ada"
  dependencies:
    argsarray "0.0.1"
    buffer-from "0.1.1"
    double-ended-queue "2.1.0-0"
    levelup "2.0.1"
    pouchdb-adapter-utils "6.4.1"
    pouchdb-binary-utils "6.4.1"
    pouchdb-collections "6.4.1"
    pouchdb-errors "6.4.1"
    pouchdb-json "6.4.1"
    pouchdb-md5 "6.4.1"
    pouchdb-merge "6.4.1"
    pouchdb-promise "6.4.1"
    pouchdb-utils "6.4.1"
    sublevel-pouchdb "6.4.1"
    through2 "2.0.3"

pouchdb-adapter-utils@6.4.1:
  version "6.4.1"
  resolved "https://registry.yarnpkg.com/pouchdb-adapter-utils/-/pouchdb-adapter-utils-6.4.1.tgz#cf6982bea528fb88fa01c9a5a31ab21d6babe5e5"
  dependencies:
    pouchdb-binary-utils "6.4.1"
    pouchdb-collections "6.4.1"
    pouchdb-errors "6.4.1"
    pouchdb-md5 "6.4.1"
    pouchdb-merge "6.4.1"
    pouchdb-promise "6.4.1"
    pouchdb-utils "6.4.1"

pouchdb-binary-utils@6.4.1:
  version "6.4.1"
  resolved "https://registry.yarnpkg.com/pouchdb-binary-utils/-/pouchdb-binary-utils-6.4.1.tgz#fc2f5cdb6d4d36a9e666409d930e590f74787df0"
  dependencies:
    buffer-from "0.1.1"

pouchdb-changes-filter@6.4.1:
  version "6.4.1"
  resolved "https://registry.yarnpkg.com/pouchdb-changes-filter/-/pouchdb-changes-filter-6.4.1.tgz#6ab66bc044681a49fee18d158a0cd114f7e75f37"
  dependencies:
    pouchdb-errors "6.4.1"
    pouchdb-selector-core "6.4.1"
    pouchdb-utils "6.4.1"

pouchdb-collate@6.4.1:
  version "6.4.1"
  resolved "https://registry.yarnpkg.com/pouchdb-collate/-/pouchdb-collate-6.4.1.tgz#b0ee89c7964cb965170af22de9ad78a58ef8d0c3"

pouchdb-collections@6.4.1:
  version "6.4.1"
  resolved "https://registry.yarnpkg.com/pouchdb-collections/-/pouchdb-collections-6.4.1.tgz#d7407255a6058664cd8fa0a076c53e5e0eff4ef2"

pouchdb-core@^6.4.1:
  version "6.4.1"
  resolved "https://registry.yarnpkg.com/pouchdb-core/-/pouchdb-core-6.4.1.tgz#24cac5c6592fc4cea42c07314e0538a39c3d8fe4"
  dependencies:
    argsarray "0.0.1"
    inherits "2.0.3"
    pouchdb-changes-filter "6.4.1"
    pouchdb-collections "6.4.1"
    pouchdb-debug "6.4.1"
    pouchdb-errors "6.4.1"
    pouchdb-merge "6.4.1"
    pouchdb-promise "6.4.1"
    pouchdb-utils "6.4.1"

pouchdb-debug@6.4.1:
  version "6.4.1"
  resolved "https://registry.yarnpkg.com/pouchdb-debug/-/pouchdb-debug-6.4.1.tgz#dc6c89b3d0d83ef008fa0792e55c07d399b79d61"
  dependencies:
    debug "3.0.1"

pouchdb-errors@6.4.1:
  version "6.4.1"
  resolved "https://registry.yarnpkg.com/pouchdb-errors/-/pouchdb-errors-6.4.1.tgz#27090149e5c16adfc8bebf774fa2ec40be11956d"
  dependencies:
    inherits "2.0.3"

pouchdb-json@6.4.1:
  version "6.4.1"
  resolved "https://registry.yarnpkg.com/pouchdb-json/-/pouchdb-json-6.4.1.tgz#02d2d77bf7bc13b7da35687a762b0a55a1055951"
  dependencies:
    vuvuzela "1.0.3"

pouchdb-mapreduce-utils@6.4.1:
  version "6.4.1"
  resolved "https://registry.yarnpkg.com/pouchdb-mapreduce-utils/-/pouchdb-mapreduce-utils-6.4.1.tgz#abddc1ef9344c7e650a697d7b609bcbc8581c9e5"
  dependencies:
    argsarray "0.0.1"
    inherits "2.0.3"
    pouchdb-collections "6.4.1"
    pouchdb-utils "6.4.1"

pouchdb-mapreduce@^6.4.1:
  version "6.4.1"
  resolved "https://registry.yarnpkg.com/pouchdb-mapreduce/-/pouchdb-mapreduce-6.4.1.tgz#d1ce2d2854375f1d2bc7de8fee1ab14ffc6e1913"
  dependencies:
    pouchdb-abstract-mapreduce "6.4.1"
    pouchdb-mapreduce-utils "6.4.1"
    pouchdb-utils "6.4.1"

pouchdb-md5@6.4.1:
  version "6.4.1"
  resolved "https://registry.yarnpkg.com/pouchdb-md5/-/pouchdb-md5-6.4.1.tgz#76cb65821a2a608fecdff64dfeaa18dcfd058bf0"
  dependencies:
    pouchdb-binary-utils "6.4.1"
    spark-md5 "3.0.0"

pouchdb-merge@6.4.1:
  version "6.4.1"
  resolved "https://registry.yarnpkg.com/pouchdb-merge/-/pouchdb-merge-6.4.1.tgz#e44a7dae3f479a12e0fd0d9918c07fc955880140"

pouchdb-promise@6.4.1:
  version "6.4.1"
  resolved "https://registry.yarnpkg.com/pouchdb-promise/-/pouchdb-promise-6.4.1.tgz#f93ccbfaea7e29eed3b3359abb1e25d2f63b95db"
  dependencies:
    lie "3.1.1"

pouchdb-selector-core@6.4.1:
  version "6.4.1"
  resolved "https://registry.yarnpkg.com/pouchdb-selector-core/-/pouchdb-selector-core-6.4.1.tgz#992550920a5aff1a4aa41e07e1a40414bb167e93"
  dependencies:
    pouchdb-collate "6.4.1"
    pouchdb-utils "6.4.1"

pouchdb-utils@6.4.1:
  version "6.4.1"
  resolved "https://registry.yarnpkg.com/pouchdb-utils/-/pouchdb-utils-6.4.1.tgz#dcd3dfbdc084eb2337094ef6008d1bf603c1dcd4"
  dependencies:
    argsarray "0.0.1"
    clone-buffer "1.0.0"
    immediate "3.0.6"
    inherits "2.0.3"
    pouchdb-collections "6.4.1"
    pouchdb-errors "6.4.1"
    pouchdb-promise "6.4.1"
    uuid "^3.1.0"

process-nextick-args@~1.0.6:
  version "1.0.7"
  resolved "https://registry.yarnpkg.com/process-nextick-args/-/process-nextick-args-1.0.7.tgz#150e20b756590ad3f91093f25a4f2ad8bff30ba3"

property-is-enumerable-x@^1.1.0:
  version "1.1.0"
  resolved "https://registry.yarnpkg.com/property-is-enumerable-x/-/property-is-enumerable-x-1.1.0.tgz#7ca48917476cd0914b37809bfd05776a0d942f6f"
  dependencies:
    to-object-x "^1.4.1"
    to-property-key-x "^2.0.1"

prr@~1.0.1:
  version "1.0.1"
  resolved "https://registry.yarnpkg.com/prr/-/prr-1.0.1.tgz#d3fc114ba06995a45ec6893f484ceb1d78f5f476"

ramda@^0.25.0:
  version "0.25.0"
  resolved "https://registry.yarnpkg.com/ramda/-/ramda-0.25.0.tgz#8fdf68231cffa90bc2f9460390a0cb74a29b29a9"

readable-stream@1.0.33:
  version "1.0.33"
  resolved "https://registry.yarnpkg.com/readable-stream/-/readable-stream-1.0.33.tgz#3a360dd66c1b1d7fd4705389860eda1d0f61126c"
  dependencies:
    core-util-is "~1.0.0"
    inherits "~2.0.1"
    isarray "0.0.1"
    string_decoder "~0.10.x"

readable-stream@2.3.3, readable-stream@^2.0.5, readable-stream@^2.1.5:
  version "2.3.3"
  resolved "https://registry.yarnpkg.com/readable-stream/-/readable-stream-2.3.3.tgz#368f2512d79f9d46fdfc71349ae7878bbc1eb95c"
  dependencies:
    core-util-is "~1.0.0"
    inherits "~2.0.3"
    isarray "~1.0.0"
    process-nextick-args "~1.0.6"
    safe-buffer "~5.1.1"
    string_decoder "~1.0.3"
    util-deprecate "~1.0.1"

readable-stream@~1.1.11, readable-stream@~1.1.9:
  version "1.1.14"
  resolved "https://registry.yarnpkg.com/readable-stream/-/readable-stream-1.1.14.tgz#7cf4c54ef648e3813084c636dd2079e166c081d9"
  dependencies:
    core-util-is "~1.0.0"
    inherits "~2.0.1"
    isarray "0.0.1"
    string_decoder "~0.10.x"

replace-comments-x@^2.0.0:
  version "2.0.0"
  resolved "https://registry.yarnpkg.com/replace-comments-x/-/replace-comments-x-2.0.0.tgz#a5cec18efd912aad78a7c3c4b69d01768556d140"
  dependencies:
    require-coercible-to-string-x "^1.0.0"
    to-string-x "^1.4.2"

require-coercible-to-string-x@^1.0.0:
  version "1.0.0"
  resolved "https://registry.yarnpkg.com/require-coercible-to-string-x/-/require-coercible-to-string-x-1.0.0.tgz#367b3e9ca67e00324c411b0b498453a74cd5569e"
  dependencies:
    require-object-coercible-x "^1.4.1"
    to-string-x "^1.4.2"

require-object-coercible-x@^1.4.1:
  version "1.4.1"
  resolved "https://registry.yarnpkg.com/require-object-coercible-x/-/require-object-coercible-x-1.4.1.tgz#75b9fb5bda2d15cf705a5714f108e8b40ca3eb2e"
  dependencies:
    is-nil-x "^1.4.1"

resolve@~1.4.0:
  version "1.4.0"
  resolved "https://registry.yarnpkg.com/resolve/-/resolve-1.4.0.tgz#a75be01c53da25d934a98ebd0e4c4a7312f92a86"
  dependencies:
    path-parse "^1.0.5"

resumer@~0.0.0:
  version "0.0.0"
  resolved "https://registry.yarnpkg.com/resumer/-/resumer-0.0.0.tgz#f1e8f461e4064ba39e82af3cdc2a8c893d076759"
  dependencies:
    through "~2.3.4"

safe-buffer@5.1.1, safe-buffer@~5.1.0, safe-buffer@~5.1.1:
  version "5.1.1"
  resolved "https://registry.yarnpkg.com/safe-buffer/-/safe-buffer-5.1.1.tgz#893312af69b2123def71f57889001671eeb2c853"

spark-md5@3.0.0:
  version "3.0.0"
  resolved "https://registry.yarnpkg.com/spark-md5/-/spark-md5-3.0.0.tgz#3722227c54e2faf24b1dc6d933cc144e6f71bfef"

sprintf@~0.1.3:
  version "0.1.5"
  resolved "https://registry.yarnpkg.com/sprintf/-/sprintf-0.1.5.tgz#8f83e39a9317c1a502cb7db8050e51c679f6edcf"

sqlstring@2.3.0:
  version "2.3.0"
  resolved "https://registry.yarnpkg.com/sqlstring/-/sqlstring-2.3.0.tgz#525b8a4fd26d6f71aa61e822a6caf976d31ad2a8"

string.prototype.trim@~1.1.2:
  version "1.1.2"
  resolved "https://registry.yarnpkg.com/string.prototype.trim/-/string.prototype.trim-1.1.2.tgz#d04de2c89e137f4d7d206f086b5ed2fae6be8cea"
  dependencies:
    define-properties "^1.1.2"
    es-abstract "^1.5.0"
    function-bind "^1.0.2"

string_decoder@~0.10.x:
  version "0.10.31"
  resolved "https://registry.yarnpkg.com/string_decoder/-/string_decoder-0.10.31.tgz#62e203bc41766c6c28c9fc84301dab1c5310fa94"

string_decoder@~1.0.3:
  version "1.0.3"
  resolved "https://registry.yarnpkg.com/string_decoder/-/string_decoder-1.0.3.tgz#0fc67d7c141825de94282dd536bec6b9bce860ab"
  dependencies:
    safe-buffer "~5.1.0"

sublevel-pouchdb@6.4.1:
  version "6.4.1"
  resolved "https://registry.yarnpkg.com/sublevel-pouchdb/-/sublevel-pouchdb-6.4.1.tgz#dda37c29ae4f92e94bd490459447a7fc30b99658"
  dependencies:
    inherits "2.0.3"
    level-codec "7.0.1"
    ltgt "2.2.0"
    readable-stream "1.0.33"

tap-parser@~0.4.0:
  version "0.4.3"
  resolved "https://registry.yarnpkg.com/tap-parser/-/tap-parser-0.4.3.tgz#a4eae190c10d76c7a111921ff38bbe4d58f09eea"
  dependencies:
    inherits "~2.0.1"
    readable-stream "~1.1.11"

tape@^4.8.0:
  version "4.8.0"
  resolved "https://registry.yarnpkg.com/tape/-/tape-4.8.0.tgz#f6a9fec41cc50a1de50fa33603ab580991f6068e"
  dependencies:
    deep-equal "~1.0.1"
    defined "~1.0.0"
    for-each "~0.3.2"
    function-bind "~1.1.0"
    glob "~7.1.2"
    has "~1.0.1"
    inherits "~2.0.3"
    minimist "~1.2.0"
    object-inspect "~1.3.0"
    resolve "~1.4.0"
    resumer "~0.0.0"
    string.prototype.trim "~1.1.2"
    through "~2.3.8"

tape@~2.3.2:
  version "2.3.3"
  resolved "https://registry.yarnpkg.com/tape/-/tape-2.3.3.tgz#2e7ce0a31df09f8d6851664a71842e0ca5057af7"
  dependencies:
    deep-equal "~0.1.0"
    defined "~0.0.0"
    inherits "~2.0.1"
    jsonify "~0.0.0"
    resumer "~0.0.0"
    through "~2.3.4"

through2@2.0.3:
  version "2.0.3"
  resolved "https://registry.yarnpkg.com/through2/-/through2-2.0.3.tgz#0004569b37c7c74ba39c43f3ced78d1ad94140be"
  dependencies:
    readable-stream "^2.1.5"
    xtend "~4.0.1"

through2@~0.2.3:
  version "0.2.3"
  resolved "https://registry.yarnpkg.com/through2/-/through2-0.2.3.tgz#eb3284da4ea311b6cc8ace3653748a52abf25a3f"
  dependencies:
    readable-stream "~1.1.9"
    xtend "~2.1.1"

through@~2.3.4, through@~2.3.8:
  version "2.3.8"
  resolved "https://registry.yarnpkg.com/through/-/through-2.3.8.tgz#0dd4c9ffaabc357960b1b724115d7e0e86a2e1f5"

to-boolean-x@^1.0.1:
  version "1.0.1"
  resolved "https://registry.yarnpkg.com/to-boolean-x/-/to-boolean-x-1.0.1.tgz#724128dacc5bea75a93ad471be7ee9277561b2c1"

to-integer-x@^3.0.0:
  version "3.0.0"
  resolved "https://registry.yarnpkg.com/to-integer-x/-/to-integer-x-3.0.0.tgz#9f3b80e668c7f0ae45e6926b40d95f52c1addc74"
  dependencies:
    is-finite-x "^3.0.2"
    is-nan-x "^1.0.1"
    math-sign-x "^3.0.0"
    to-number-x "^2.0.0"

to-number-x@^2.0.0:
  version "2.0.0"
  resolved "https://registry.yarnpkg.com/to-number-x/-/to-number-x-2.0.0.tgz#c9099d7ded8fd327132a2987df2dcc8baf36df4d"
  dependencies:
    cached-constructors-x "^1.0.0"
    nan-x "^1.0.0"
    parse-int-x "^2.0.0"
    to-primitive-x "^1.1.0"
    trim-x "^3.0.0"

to-object-x@^1.4.1, to-object-x@^1.5.0:
  version "1.5.0"
  resolved "https://registry.yarnpkg.com/to-object-x/-/to-object-x-1.5.0.tgz#bd69dd4e104d77acc0cc0d84f5ac48f630aebe3c"
  dependencies:
    cached-constructors-x "^1.0.0"
    require-object-coercible-x "^1.4.1"

to-primitive-x@^1.1.0:
  version "1.1.0"
  resolved "https://registry.yarnpkg.com/to-primitive-x/-/to-primitive-x-1.1.0.tgz#41ce2c13e3e246e0e5d0a8829a0567c6015833f8"
  dependencies:
    has-symbol-support-x "^1.4.1"
    is-date-object "^1.0.1"
    is-function-x "^3.2.0"
    is-nil-x "^1.4.1"
    is-primitive "^2.0.0"
    is-symbol "^1.0.1"
    require-object-coercible-x "^1.4.1"
    validate.io-undefined "^1.0.3"

to-property-key-x@^2.0.1, to-property-key-x@^2.0.2:
  version "2.0.2"
  resolved "https://registry.yarnpkg.com/to-property-key-x/-/to-property-key-x-2.0.2.tgz#b19aa8e22faa0ff7d1c102cfbc657af73413cfa1"
  dependencies:
    has-symbol-support-x "^1.4.1"
    to-primitive-x "^1.1.0"
    to-string-x "^1.4.2"

to-string-symbols-supported-x@^1.0.0:
  version "1.0.0"
  resolved "https://registry.yarnpkg.com/to-string-symbols-supported-x/-/to-string-symbols-supported-x-1.0.0.tgz#d435eb72312fe885b18047a96d59c75641476872"
  dependencies:
    cached-constructors-x "^1.0.0"
    has-symbol-support-x "^1.4.1"
    is-symbol "^1.0.1"

to-string-tag-x@^1.4.1, to-string-tag-x@^1.4.2:
  version "1.4.2"
  resolved "https://registry.yarnpkg.com/to-string-tag-x/-/to-string-tag-x-1.4.2.tgz#916a0c72d2f93dc27fccfe0ea0ce26cd78be21de"
  dependencies:
    lodash.isnull "^3.0.0"
    validate.io-undefined "^1.0.3"

to-string-x@^1.4.2:
  version "1.4.2"
  resolved "https://registry.yarnpkg.com/to-string-x/-/to-string-x-1.4.2.tgz#7d9a2528e159a9214e668137c1e10a045abe6279"
  dependencies:
    is-symbol "^1.0.1"

trim-left-x@^3.0.0:
  version "3.0.0"
  resolved "https://registry.yarnpkg.com/trim-left-x/-/trim-left-x-3.0.0.tgz#356cf055896726b9754425e841398842e90b4cdf"
  dependencies:
    cached-constructors-x "^1.0.0"
    require-coercible-to-string-x "^1.0.0"
    white-space-x "^3.0.0"

trim-right-x@^3.0.0:
  version "3.0.0"
  resolved "https://registry.yarnpkg.com/trim-right-x/-/trim-right-x-3.0.0.tgz#28c4cd37d5981f50ace9b52e3ce9106f4d2d22c0"
  dependencies:
    cached-constructors-x "^1.0.0"
    require-coercible-to-string-x "^1.0.0"
    white-space-x "^3.0.0"

trim-x@^3.0.0:
  version "3.0.0"
  resolved "https://registry.yarnpkg.com/trim-x/-/trim-x-3.0.0.tgz#24efdcd027b748bbfc246a0139ad1749befef024"
  dependencies:
    trim-left-x "^3.0.0"
    trim-right-x "^3.0.0"

util-deprecate@~1.0.1:
  version "1.0.2"
  resolved "https://registry.yarnpkg.com/util-deprecate/-/util-deprecate-1.0.2.tgz#450d4dc9fa70de732762fbd2d4a28981419a0ccf"

uuid@^3.1.0:
  version "3.2.1"
  resolved "https://registry.yarnpkg.com/uuid/-/uuid-3.2.1.tgz#12c528bb9d58d0b9265d9a2f6f0fe8be17ff1f14"

validate.io-undefined@^1.0.3:
  version "1.0.3"
  resolved "https://registry.yarnpkg.com/validate.io-undefined/-/validate.io-undefined-1.0.3.tgz#7e27fcbb315b841e78243431897671929e20b7f4"

vuvuzela@1.0.3:
  version "1.0.3"
  resolved "https://registry.yarnpkg.com/vuvuzela/-/vuvuzela-1.0.3.tgz#3be145e58271c73ca55279dd851f12a682114b0b"

white-space-x@^3.0.0:
  version "3.0.0"
  resolved "https://registry.yarnpkg.com/white-space-x/-/white-space-x-3.0.0.tgz#c8e31ed4fecf4f3feebe6532e6046008a666a3e1"

wrappy@1:
  version "1.0.2"
  resolved "https://registry.yarnpkg.com/wrappy/-/wrappy-1.0.2.tgz#b5243d8f3ec1aa35f1364605bc0d1036e30ab69f"

xtend@^4.0.0, xtend@~4.0.0, xtend@~4.0.1:
  version "4.0.1"
  resolved "https://registry.yarnpkg.com/xtend/-/xtend-4.0.1.tgz#a5c6d532be656e23db820efb943a1f04998d63af"

xtend@~2.1.1:
  version "2.1.2"
  resolved "https://registry.yarnpkg.com/xtend/-/xtend-2.1.2.tgz#6efecc2a4dad8e6962c4901b337ce7ba87b5d28b"
  dependencies:
    object-keys "~0.4.0"
